
Microsoft Visual Studio Solution File, Format Version 12.00
# Visual Studio 15
VisualStudioVersion = 15.0.27428.2015
MinimumVisualStudioVersion = 10.0.40219.1
Project("{FAE04EC0-301F-11D3-BF4B-00C04F79EFBC}") = "FitnessPower.Android", "FitnessPower\FitnessPower.Android\FitnessPower.Android.csproj", "{A045072A-AFD2-460C-B4DE-F3B52A728D1E}"
EndProject
Project("{FAE04EC0-301F-11D3-BF4B-00C04F79EFBC}") = "FitnessPower.iOS", "FitnessPower\FitnessPower.iOS\FitnessPower.iOS.csproj", "{995AA5E9-D47E-4D45-B457-6B7803D9AA8B}"
EndProject
Project("{FAE04EC0-301F-11D3-BF4B-00C04F79EFBC}") = "FitnessPower.UWP", "FitnessPower\FitnessPower.UWP\FitnessPower.UWP.csproj", "{35488751-0289-4A2E-AC03-F561B99B1CD0}"
EndProject
Project("{FAE04EC0-301F-11D3-BF4B-00C04F79EFBC}") = "FitnessPower", "FitnessPower\FitnessPower\FitnessPower.csproj", "{FE85DB02-5024-4823-98CA-FAAEE7822700}"
EndProject
Project("{FAE04EC0-301F-11D3-BF4B-00C04F79EFBC}") = "FitnessPower.MobileAppService", "FitnessPower\FitnessPower.MobileAppService\FitnessPower.MobileAppService.csproj", "{BD951F30-9223-4503-B7E8-65AD5AD8CA94}"
EndProject
Global
	GlobalSection(SolutionConfigurationPlatforms) = preSolution
		Ad-Hoc|Any CPU = Ad-Hoc|Any CPU
		Ad-Hoc|ARM = Ad-Hoc|ARM
		Ad-Hoc|iPhone = Ad-Hoc|iPhone
		Ad-Hoc|iPhoneSimulator = Ad-Hoc|iPhoneSimulator
		Ad-Hoc|x64 = Ad-Hoc|x64
		Ad-Hoc|x86 = Ad-Hoc|x86
		AppStore|Any CPU = AppStore|Any CPU
		AppStore|ARM = AppStore|ARM
		AppStore|iPhone = AppStore|iPhone
		AppStore|iPhoneSimulator = AppStore|iPhoneSimulator
		AppStore|x64 = AppStore|x64
		AppStore|x86 = AppStore|x86
		Debug|Any CPU = Debug|Any CPU
		Debug|ARM = Debug|ARM
		Debug|iPhone = Debug|iPhone
		Debug|iPhoneSimulator = Debug|iPhoneSimulator
		Debug|x64 = Debug|x64
		Debug|x86 = Debug|x86
		Release|Any CPU = Release|Any CPU
		Release|ARM = Release|ARM
		Release|iPhone = Release|iPhone
		Release|iPhoneSimulator = Release|iPhoneSimulator
		Release|x64 = Release|x64
		Release|x86 = Release|x86
	EndGlobalSection
	GlobalSection(ProjectConfigurationPlatforms) = postSolution
		{A045072A-AFD2-460C-B4DE-F3B52A728D1E}.Ad-Hoc|Any CPU.ActiveCfg = Release|Any CPU
		{A045072A-AFD2-460C-B4DE-F3B52A728D1E}.Ad-Hoc|Any CPU.Build.0 = Release|Any CPU
		{A045072A-AFD2-460C-B4DE-F3B52A728D1E}.Ad-Hoc|Any CPU.Deploy.0 = Release|Any CPU
		{A045072A-AFD2-460C-B4DE-F3B52A728D1E}.Ad-Hoc|ARM.ActiveCfg = Release|Any CPU
		{A045072A-AFD2-460C-B4DE-F3B52A728D1E}.Ad-Hoc|ARM.Build.0 = Release|Any CPU
		{A045072A-AFD2-460C-B4DE-F3B52A728D1E}.Ad-Hoc|ARM.Deploy.0 = Release|Any CPU
		{A045072A-AFD2-460C-B4DE-F3B52A728D1E}.Ad-Hoc|iPhone.ActiveCfg = Release|Any CPU
		{A045072A-AFD2-460C-B4DE-F3B52A728D1E}.Ad-Hoc|iPhone.Build.0 = Release|Any CPU
		{A045072A-AFD2-460C-B4DE-F3B52A728D1E}.Ad-Hoc|iPhone.Deploy.0 = Release|Any CPU
		{A045072A-AFD2-460C-B4DE-F3B52A728D1E}.Ad-Hoc|iPhoneSimulator.ActiveCfg = Release|Any CPU
		{A045072A-AFD2-460C-B4DE-F3B52A728D1E}.Ad-Hoc|iPhoneSimulator.Build.0 = Release|Any CPU
		{A045072A-AFD2-460C-B4DE-F3B52A728D1E}.Ad-Hoc|iPhoneSimulator.Deploy.0 = Release|Any CPU
		{A045072A-AFD2-460C-B4DE-F3B52A728D1E}.Ad-Hoc|x64.ActiveCfg = Release|Any CPU
		{A045072A-AFD2-460C-B4DE-F3B52A728D1E}.Ad-Hoc|x64.Build.0 = Release|Any CPU
		{A045072A-AFD2-460C-B4DE-F3B52A728D1E}.Ad-Hoc|x64.Deploy.0 = Release|Any CPU
		{A045072A-AFD2-460C-B4DE-F3B52A728D1E}.Ad-Hoc|x86.ActiveCfg = Release|Any CPU
		{A045072A-AFD2-460C-B4DE-F3B52A728D1E}.Ad-Hoc|x86.Build.0 = Release|Any CPU
		{A045072A-AFD2-460C-B4DE-F3B52A728D1E}.Ad-Hoc|x86.Deploy.0 = Release|Any CPU
		{A045072A-AFD2-460C-B4DE-F3B52A728D1E}.AppStore|Any CPU.ActiveCfg = Release|Any CPU
		{A045072A-AFD2-460C-B4DE-F3B52A728D1E}.AppStore|Any CPU.Build.0 = Release|Any CPU
		{A045072A-AFD2-460C-B4DE-F3B52A728D1E}.AppStore|Any CPU.Deploy.0 = Release|Any CPU
		{A045072A-AFD2-460C-B4DE-F3B52A728D1E}.AppStore|ARM.ActiveCfg = Release|Any CPU
		{A045072A-AFD2-460C-B4DE-F3B52A728D1E}.AppStore|ARM.Build.0 = Release|Any CPU
		{A045072A-AFD2-460C-B4DE-F3B52A728D1E}.AppStore|ARM.Deploy.0 = Release|Any CPU
		{A045072A-AFD2-460C-B4DE-F3B52A728D1E}.AppStore|iPhone.ActiveCfg = Release|Any CPU
		{A045072A-AFD2-460C-B4DE-F3B52A728D1E}.AppStore|iPhone.Build.0 = Release|Any CPU
		{A045072A-AFD2-460C-B4DE-F3B52A728D1E}.AppStore|iPhone.Deploy.0 = Release|Any CPU
		{A045072A-AFD2-460C-B4DE-F3B52A728D1E}.AppStore|iPhoneSimulator.ActiveCfg = Release|Any CPU
		{A045072A-AFD2-460C-B4DE-F3B52A728D1E}.AppStore|iPhoneSimulator.Build.0 = Release|Any CPU
		{A045072A-AFD2-460C-B4DE-F3B52A728D1E}.AppStore|iPhoneSimulator.Deploy.0 = Release|Any CPU
		{A045072A-AFD2-460C-B4DE-F3B52A728D1E}.AppStore|x64.ActiveCfg = Release|Any CPU
		{A045072A-AFD2-460C-B4DE-F3B52A728D1E}.AppStore|x64.Build.0 = Release|Any CPU
		{A045072A-AFD2-460C-B4DE-F3B52A728D1E}.AppStore|x64.Deploy.0 = Release|Any CPU
		{A045072A-AFD2-460C-B4DE-F3B52A728D1E}.AppStore|x86.ActiveCfg = Release|Any CPU
		{A045072A-AFD2-460C-B4DE-F3B52A728D1E}.AppStore|x86.Build.0 = Release|Any CPU
		{A045072A-AFD2-460C-B4DE-F3B52A728D1E}.AppStore|x86.Deploy.0 = Release|Any CPU
		{A045072A-AFD2-460C-B4DE-F3B52A728D1E}.Debug|Any CPU.ActiveCfg = Debug|Any CPU
		{A045072A-AFD2-460C-B4DE-F3B52A728D1E}.Debug|Any CPU.Build.0 = Debug|Any CPU
		{A045072A-AFD2-460C-B4DE-F3B52A728D1E}.Debug|Any CPU.Deploy.0 = Debug|Any CPU
		{A045072A-AFD2-460C-B4DE-F3B52A728D1E}.Debug|ARM.ActiveCfg = Debug|Any CPU
		{A045072A-AFD2-460C-B4DE-F3B52A728D1E}.Debug|ARM.Build.0 = Debug|Any CPU
		{A045072A-AFD2-460C-B4DE-F3B52A728D1E}.Debug|ARM.Deploy.0 = Debug|Any CPU
		{A045072A-AFD2-460C-B4DE-F3B52A728D1E}.Debug|iPhone.ActiveCfg = Debug|Any CPU
		{A045072A-AFD2-460C-B4DE-F3B52A728D1E}.Debug|iPhone.Build.0 = Debug|Any CPU
		{A045072A-AFD2-460C-B4DE-F3B52A728D1E}.Debug|iPhone.Deploy.0 = Debug|Any CPU
		{A045072A-AFD2-460C-B4DE-F3B52A728D1E}.Debug|iPhoneSimulator.ActiveCfg = Debug|Any CPU
		{A045072A-AFD2-460C-B4DE-F3B52A728D1E}.Debug|iPhoneSimulator.Build.0 = Debug|Any CPU
		{A045072A-AFD2-460C-B4DE-F3B52A728D1E}.Debug|iPhoneSimulator.Deploy.0 = Debug|Any CPU
		{A045072A-AFD2-460C-B4DE-F3B52A728D1E}.Debug|x64.ActiveCfg = Debug|Any CPU
		{A045072A-AFD2-460C-B4DE-F3B52A728D1E}.Debug|x64.Build.0 = Debug|Any CPU
		{A045072A-AFD2-460C-B4DE-F3B52A728D1E}.Debug|x64.Deploy.0 = Debug|Any CPU
		{A045072A-AFD2-460C-B4DE-F3B52A728D1E}.Debug|x86.ActiveCfg = Debug|Any CPU
		{A045072A-AFD2-460C-B4DE-F3B52A728D1E}.Debug|x86.Build.0 = Debug|Any CPU
		{A045072A-AFD2-460C-B4DE-F3B52A728D1E}.Debug|x86.Deploy.0 = Debug|Any CPU
		{A045072A-AFD2-460C-B4DE-F3B52A728D1E}.Release|Any CPU.ActiveCfg = Release|Any CPU
		{A045072A-AFD2-460C-B4DE-F3B52A728D1E}.Release|Any CPU.Build.0 = Release|Any CPU
		{A045072A-AFD2-460C-B4DE-F3B52A728D1E}.Release|Any CPU.Deploy.0 = Release|Any CPU
		{A045072A-AFD2-460C-B4DE-F3B52A728D1E}.Release|ARM.ActiveCfg = Release|Any CPU
		{A045072A-AFD2-460C-B4DE-F3B52A728D1E}.Release|ARM.Build.0 = Release|Any CPU
		{A045072A-AFD2-460C-B4DE-F3B52A728D1E}.Release|ARM.Deploy.0 = Release|Any CPU
		{A045072A-AFD2-460C-B4DE-F3B52A728D1E}.Release|iPhone.ActiveCfg = Release|Any CPU
		{A045072A-AFD2-460C-B4DE-F3B52A728D1E}.Release|iPhone.Build.0 = Release|Any CPU
		{A045072A-AFD2-460C-B4DE-F3B52A728D1E}.Release|iPhone.Deploy.0 = Release|Any CPU
		{A045072A-AFD2-460C-B4DE-F3B52A728D1E}.Release|iPhoneSimulator.ActiveCfg = Release|Any CPU
		{A045072A-AFD2-460C-B4DE-F3B52A728D1E}.Release|iPhoneSimulator.Build.0 = Release|Any CPU
		{A045072A-AFD2-460C-B4DE-F3B52A728D1E}.Release|iPhoneSimulator.Deploy.0 = Release|Any CPU
		{A045072A-AFD2-460C-B4DE-F3B52A728D1E}.Release|x64.ActiveCfg = Release|Any CPU
		{A045072A-AFD2-460C-B4DE-F3B52A728D1E}.Release|x64.Build.0 = Release|Any CPU
		{A045072A-AFD2-460C-B4DE-F3B52A728D1E}.Release|x64.Deploy.0 = Release|Any CPU
		{A045072A-AFD2-460C-B4DE-F3B52A728D1E}.Release|x86.ActiveCfg = Release|Any CPU
		{A045072A-AFD2-460C-B4DE-F3B52A728D1E}.Release|x86.Build.0 = Release|Any CPU
		{A045072A-AFD2-460C-B4DE-F3B52A728D1E}.Release|x86.Deploy.0 = Release|Any CPU
		{995AA5E9-D47E-4D45-B457-6B7803D9AA8B}.Ad-Hoc|Any CPU.ActiveCfg = Ad-Hoc|iPhone
		{995AA5E9-D47E-4D45-B457-6B7803D9AA8B}.Ad-Hoc|ARM.ActiveCfg = Ad-Hoc|iPhone
		{995AA5E9-D47E-4D45-B457-6B7803D9AA8B}.Ad-Hoc|iPhone.ActiveCfg = Ad-Hoc|iPhone
		{995AA5E9-D47E-4D45-B457-6B7803D9AA8B}.Ad-Hoc|iPhone.Build.0 = Ad-Hoc|iPhone
		{995AA5E9-D47E-4D45-B457-6B7803D9AA8B}.Ad-Hoc|iPhoneSimulator.ActiveCfg = Ad-Hoc|iPhoneSimulator
		{995AA5E9-D47E-4D45-B457-6B7803D9AA8B}.Ad-Hoc|iPhoneSimulator.Build.0 = Ad-Hoc|iPhoneSimulator
		{995AA5E9-D47E-4D45-B457-6B7803D9AA8B}.Ad-Hoc|x64.ActiveCfg = Ad-Hoc|iPhone
		{995AA5E9-D47E-4D45-B457-6B7803D9AA8B}.Ad-Hoc|x86.ActiveCfg = Ad-Hoc|iPhone
		{995AA5E9-D47E-4D45-B457-6B7803D9AA8B}.AppStore|Any CPU.ActiveCfg = AppStore|iPhone
		{995AA5E9-D47E-4D45-B457-6B7803D9AA8B}.AppStore|ARM.ActiveCfg = AppStore|iPhone
		{995AA5E9-D47E-4D45-B457-6B7803D9AA8B}.AppStore|iPhone.ActiveCfg = AppStore|iPhone
		{995AA5E9-D47E-4D45-B457-6B7803D9AA8B}.AppStore|iPhone.Build.0 = AppStore|iPhone
		{995AA5E9-D47E-4D45-B457-6B7803D9AA8B}.AppStore|iPhoneSimulator.ActiveCfg = AppStore|iPhoneSimulator
		{995AA5E9-D47E-4D45-B457-6B7803D9AA8B}.AppStore|iPhoneSimulator.Build.0 = AppStore|iPhoneSimulator
		{995AA5E9-D47E-4D45-B457-6B7803D9AA8B}.AppStore|x64.ActiveCfg = AppStore|iPhone
		{995AA5E9-D47E-4D45-B457-6B7803D9AA8B}.AppStore|x86.ActiveCfg = AppStore|iPhone
		{995AA5E9-D47E-4D45-B457-6B7803D9AA8B}.Debug|Any CPU.ActiveCfg = Debug|iPhone
		{995AA5E9-D47E-4D45-B457-6B7803D9AA8B}.Debug|ARM.ActiveCfg = Debug|iPhone
		{995AA5E9-D47E-4D45-B457-6B7803D9AA8B}.Debug|iPhone.ActiveCfg = Debug|iPhone
		{995AA5E9-D47E-4D45-B457-6B7803D9AA8B}.Debug|iPhone.Build.0 = Debug|iPhone
		{995AA5E9-D47E-4D45-B457-6B7803D9AA8B}.Debug|iPhoneSimulator.ActiveCfg = Debug|iPhoneSimulator
		{995AA5E9-D47E-4D45-B457-6B7803D9AA8B}.Debug|iPhoneSimulator.Build.0 = Debug|iPhoneSimulator
		{995AA5E9-D47E-4D45-B457-6B7803D9AA8B}.Debug|x64.ActiveCfg = Debug|iPhone
		{995AA5E9-D47E-4D45-B457-6B7803D9AA8B}.Debug|x86.ActiveCfg = Debug|iPhone
		{995AA5E9-D47E-4D45-B457-6B7803D9AA8B}.Release|Any CPU.ActiveCfg = Release|iPhone
		{995AA5E9-D47E-4D45-B457-6B7803D9AA8B}.Release|ARM.ActiveCfg = Release|iPhone
		{995AA5E9-D47E-4D45-B457-6B7803D9AA8B}.Release|iPhone.ActiveCfg = Release|iPhone
		{995AA5E9-D47E-4D45-B457-6B7803D9AA8B}.Release|iPhone.Build.0 = Release|iPhone
		{995AA5E9-D47E-4D45-B457-6B7803D9AA8B}.Release|iPhoneSimulator.ActiveCfg = Release|iPhoneSimulator
		{995AA5E9-D47E-4D45-B457-6B7803D9AA8B}.Release|iPhoneSimulator.Build.0 = Release|iPhoneSimulator
		{995AA5E9-D47E-4D45-B457-6B7803D9AA8B}.Release|x64.ActiveCfg = Release|iPhone
		{995AA5E9-D47E-4D45-B457-6B7803D9AA8B}.Release|x86.ActiveCfg = Release|iPhone
		{35488751-0289-4A2E-AC03-F561B99B1CD0}.Ad-Hoc|Any CPU.ActiveCfg = Release|x86
		{35488751-0289-4A2E-AC03-F561B99B1CD0}.Ad-Hoc|Any CPU.Build.0 = Release|x86
		{35488751-0289-4A2E-AC03-F561B99B1CD0}.Ad-Hoc|Any CPU.Deploy.0 = Release|x86
		{35488751-0289-4A2E-AC03-F561B99B1CD0}.Ad-Hoc|ARM.ActiveCfg = Release|ARM
		{35488751-0289-4A2E-AC03-F561B99B1CD0}.Ad-Hoc|ARM.Build.0 = Release|ARM
		{35488751-0289-4A2E-AC03-F561B99B1CD0}.Ad-Hoc|ARM.Deploy.0 = Release|ARM
		{35488751-0289-4A2E-AC03-F561B99B1CD0}.Ad-Hoc|iPhone.ActiveCfg = Release|x86
		{35488751-0289-4A2E-AC03-F561B99B1CD0}.Ad-Hoc|iPhone.Build.0 = Release|x86
		{35488751-0289-4A2E-AC03-F561B99B1CD0}.Ad-Hoc|iPhone.Deploy.0 = Release|x86
		{35488751-0289-4A2E-AC03-F561B99B1CD0}.Ad-Hoc|iPhoneSimulator.ActiveCfg = Release|x86
		{35488751-0289-4A2E-AC03-F561B99B1CD0}.Ad-Hoc|iPhoneSimulator.Build.0 = Release|x86
		{35488751-0289-4A2E-AC03-F561B99B1CD0}.Ad-Hoc|iPhoneSimulator.Deploy.0 = Release|x86
		{35488751-0289-4A2E-AC03-F561B99B1CD0}.Ad-Hoc|x64.ActiveCfg = Release|x64
		{35488751-0289-4A2E-AC03-F561B99B1CD0}.Ad-Hoc|x64.Build.0 = Release|x64
		{35488751-0289-4A2E-AC03-F561B99B1CD0}.Ad-Hoc|x64.Deploy.0 = Release|x64
		{35488751-0289-4A2E-AC03-F561B99B1CD0}.Ad-Hoc|x86.ActiveCfg = Release|x86
		{35488751-0289-4A2E-AC03-F561B99B1CD0}.Ad-Hoc|x86.Build.0 = Release|x86
		{35488751-0289-4A2E-AC03-F561B99B1CD0}.Ad-Hoc|x86.Deploy.0 = Release|x86
		{35488751-0289-4A2E-AC03-F561B99B1CD0}.AppStore|Any CPU.ActiveCfg = Release|x86
		{35488751-0289-4A2E-AC03-F561B99B1CD0}.AppStore|Any CPU.Build.0 = Release|x86
		{35488751-0289-4A2E-AC03-F561B99B1CD0}.AppStore|Any CPU.Deploy.0 = Release|x86
		{35488751-0289-4A2E-AC03-F561B99B1CD0}.AppStore|ARM.ActiveCfg = Release|ARM
		{35488751-0289-4A2E-AC03-F561B99B1CD0}.AppStore|ARM.Build.0 = Release|ARM
		{35488751-0289-4A2E-AC03-F561B99B1CD0}.AppStore|ARM.Deploy.0 = Release|ARM
		{35488751-0289-4A2E-AC03-F561B99B1CD0}.AppStore|iPhone.ActiveCfg = Release|x86
		{35488751-0289-4A2E-AC03-F561B99B1CD0}.AppStore|iPhone.Build.0 = Release|x86
		{35488751-0289-4A2E-AC03-F561B99B1CD0}.AppStore|iPhone.Deploy.0 = Release|x86
		{35488751-0289-4A2E-AC03-F561B99B1CD0}.AppStore|iPhoneSimulator.ActiveCfg = Release|x86
		{35488751-0289-4A2E-AC03-F561B99B1CD0}.AppStore|iPhoneSimulator.Build.0 = Release|x86
		{35488751-0289-4A2E-AC03-F561B99B1CD0}.AppStore|iPhoneSimulator.Deploy.0 = Release|x86
		{35488751-0289-4A2E-AC03-F561B99B1CD0}.AppStore|x64.ActiveCfg = Release|x64
		{35488751-0289-4A2E-AC03-F561B99B1CD0}.AppStore|x64.Build.0 = Release|x64
		{35488751-0289-4A2E-AC03-F561B99B1CD0}.AppStore|x64.Deploy.0 = Release|x64
		{35488751-0289-4A2E-AC03-F561B99B1CD0}.AppStore|x86.ActiveCfg = Release|x86
		{35488751-0289-4A2E-AC03-F561B99B1CD0}.AppStore|x86.Build.0 = Release|x86
		{35488751-0289-4A2E-AC03-F561B99B1CD0}.AppStore|x86.Deploy.0 = Release|x86
		{35488751-0289-4A2E-AC03-F561B99B1CD0}.Debug|Any CPU.ActiveCfg = Debug|x86
		{35488751-0289-4A2E-AC03-F561B99B1CD0}.Debug|ARM.ActiveCfg = Debug|ARM
		{35488751-0289-4A2E-AC03-F561B99B1CD0}.Debug|ARM.Build.0 = Debug|ARM
		{35488751-0289-4A2E-AC03-F561B99B1CD0}.Debug|ARM.Deploy.0 = Debug|ARM
		{35488751-0289-4A2E-AC03-F561B99B1CD0}.Debug|iPhone.ActiveCfg = Debug|x86
		{35488751-0289-4A2E-AC03-F561B99B1CD0}.Debug|iPhoneSimulator.ActiveCfg = Debug|x86
		{35488751-0289-4A2E-AC03-F561B99B1CD0}.Debug|x64.ActiveCfg = Debug|x64
		{35488751-0289-4A2E-AC03-F561B99B1CD0}.Debug|x64.Build.0 = Debug|x64
		{35488751-0289-4A2E-AC03-F561B99B1CD0}.Debug|x64.Deploy.0 = Debug|x64
		{35488751-0289-4A2E-AC03-F561B99B1CD0}.Debug|x86.ActiveCfg = Debug|x86
		{35488751-0289-4A2E-AC03-F561B99B1CD0}.Debug|x86.Build.0 = Debug|x86
		{35488751-0289-4A2E-AC03-F561B99B1CD0}.Debug|x86.Deploy.0 = Debug|x86
		{35488751-0289-4A2E-AC03-F561B99B1CD0}.Release|Any CPU.ActiveCfg = Release|x86
		{35488751-0289-4A2E-AC03-F561B99B1CD0}.Release|ARM.ActiveCfg = Release|ARM
		{35488751-0289-4A2E-AC03-F561B99B1CD0}.Release|ARM.Build.0 = Release|ARM
		{35488751-0289-4A2E-AC03-F561B99B1CD0}.Release|ARM.Deploy.0 = Release|ARM
		{35488751-0289-4A2E-AC03-F561B99B1CD0}.Release|iPhone.ActiveCfg = Release|x86
		{35488751-0289-4A2E-AC03-F561B99B1CD0}.Release|iPhoneSimulator.ActiveCfg = Release|x86
		{35488751-0289-4A2E-AC03-F561B99B1CD0}.Release|x64.ActiveCfg = Release|x64
		{35488751-0289-4A2E-AC03-F561B99B1CD0}.Release|x64.Build.0 = Release|x64
		{35488751-0289-4A2E-AC03-F561B99B1CD0}.Release|x64.Deploy.0 = Release|x64
		{35488751-0289-4A2E-AC03-F561B99B1CD0}.Release|x86.ActiveCfg = Release|x86
		{35488751-0289-4A2E-AC03-F561B99B1CD0}.Release|x86.Build.0 = Release|x86
		{35488751-0289-4A2E-AC03-F561B99B1CD0}.Release|x86.Deploy.0 = Release|x86
		{FE85DB02-5024-4823-98CA-FAAEE7822700}.Ad-Hoc|Any CPU.ActiveCfg = Debug|Any CPU
		{FE85DB02-5024-4823-98CA-FAAEE7822700}.Ad-Hoc|Any CPU.Build.0 = Debug|Any CPU
		{FE85DB02-5024-4823-98CA-FAAEE7822700}.Ad-Hoc|ARM.ActiveCfg = Debug|Any CPU
		{FE85DB02-5024-4823-98CA-FAAEE7822700}.Ad-Hoc|ARM.Build.0 = Debug|Any CPU
		{FE85DB02-5024-4823-98CA-FAAEE7822700}.Ad-Hoc|iPhone.ActiveCfg = Debug|Any CPU
		{FE85DB02-5024-4823-98CA-FAAEE7822700}.Ad-Hoc|iPhone.Build.0 = Debug|Any CPU
		{FE85DB02-5024-4823-98CA-FAAEE7822700}.Ad-Hoc|iPhoneSimulator.ActiveCfg = Debug|Any CPU
		{FE85DB02-5024-4823-98CA-FAAEE7822700}.Ad-Hoc|iPhoneSimulator.Build.0 = Debug|Any CPU
		{FE85DB02-5024-4823-98CA-FAAEE7822700}.Ad-Hoc|x64.ActiveCfg = Debug|Any CPU
		{FE85DB02-5024-4823-98CA-FAAEE7822700}.Ad-Hoc|x64.Build.0 = Debug|Any CPU
		{FE85DB02-5024-4823-98CA-FAAEE7822700}.Ad-Hoc|x86.ActiveCfg = Debug|Any CPU
		{FE85DB02-5024-4823-98CA-FAAEE7822700}.Ad-Hoc|x86.Build.0 = Debug|Any CPU
		{FE85DB02-5024-4823-98CA-FAAEE7822700}.AppStore|Any CPU.ActiveCfg = Debug|Any CPU
		{FE85DB02-5024-4823-98CA-FAAEE7822700}.AppStore|Any CPU.Build.0 = Debug|Any CPU
		{FE85DB02-5024-4823-98CA-FAAEE7822700}.AppStore|ARM.ActiveCfg = Debug|Any CPU
		{FE85DB02-5024-4823-98CA-FAAEE7822700}.AppStore|ARM.Build.0 = Debug|Any CPU
		{FE85DB02-5024-4823-98CA-FAAEE7822700}.AppStore|iPhone.ActiveCfg = Debug|Any CPU
		{FE85DB02-5024-4823-98CA-FAAEE7822700}.AppStore|iPhone.Build.0 = Debug|Any CPU
		{FE85DB02-5024-4823-98CA-FAAEE7822700}.AppStore|iPhoneSimulator.ActiveCfg = Debug|Any CPU
		{FE85DB02-5024-4823-98CA-FAAEE7822700}.AppStore|iPhoneSimulator.Build.0 = Debug|Any CPU
		{FE85DB02-5024-4823-98CA-FAAEE7822700}.AppStore|x64.ActiveCfg = Debug|Any CPU
		{FE85DB02-5024-4823-98CA-FAAEE7822700}.AppStore|x64.Build.0 = Debug|Any CPU
		{FE85DB02-5024-4823-98CA-FAAEE7822700}.AppStore|x86.ActiveCfg = Debug|Any CPU
		{FE85DB02-5024-4823-98CA-FAAEE7822700}.AppStore|x86.Build.0 = Debug|Any CPU
		{FE85DB02-5024-4823-98CA-FAAEE7822700}.Debug|Any CPU.ActiveCfg = Debug|Any CPU
		{FE85DB02-5024-4823-98CA-FAAEE7822700}.Debug|Any CPU.Build.0 = Debug|Any CPU
		{FE85DB02-5024-4823-98CA-FAAEE7822700}.Debug|ARM.ActiveCfg = Debug|Any CPU
		{FE85DB02-5024-4823-98CA-FAAEE7822700}.Debug|ARM.Build.0 = Debug|Any CPU
		{FE85DB02-5024-4823-98CA-FAAEE7822700}.Debug|iPhone.ActiveCfg = Debug|Any CPU
		{FE85DB02-5024-4823-98CA-FAAEE7822700}.Debug|iPhone.Build.0 = Debug|Any CPU
		{FE85DB02-5024-4823-98CA-FAAEE7822700}.Debug|iPhoneSimulator.ActiveCfg = Debug|Any CPU
		{FE85DB02-5024-4823-98CA-FAAEE7822700}.Debug|iPhoneSimulator.Build.0 = Debug|Any CPU
		{FE85DB02-5024-4823-98CA-FAAEE7822700}.Debug|x64.ActiveCfg = Debug|Any CPU
		{FE85DB02-5024-4823-98CA-FAAEE7822700}.Debug|x64.Build.0 = Debug|Any CPU
		{FE85DB02-5024-4823-98CA-FAAEE7822700}.Debug|x86.ActiveCfg = Debug|Any CPU
		{FE85DB02-5024-4823-98CA-FAAEE7822700}.Debug|x86.Build.0 = Debug|Any CPU
		{FE85DB02-5024-4823-98CA-FAAEE7822700}.Release|Any CPU.ActiveCfg = Release|Any CPU
		{FE85DB02-5024-4823-98CA-FAAEE7822700}.Release|Any CPU.Build.0 = Release|Any CPU
		{FE85DB02-5024-4823-98CA-FAAEE7822700}.Release|ARM.ActiveCfg = Release|Any CPU
		{FE85DB02-5024-4823-98CA-FAAEE7822700}.Release|ARM.Build.0 = Release|Any CPU
		{FE85DB02-5024-4823-98CA-FAAEE7822700}.Release|iPhone.ActiveCfg = Release|Any CPU
		{FE85DB02-5024-4823-98CA-FAAEE7822700}.Release|iPhone.Build.0 = Release|Any CPU
		{FE85DB02-5024-4823-98CA-FAAEE7822700}.Release|iPhoneSimulator.ActiveCfg = Release|Any CPU
		{FE85DB02-5024-4823-98CA-FAAEE7822700}.Release|iPhoneSimulator.Build.0 = Release|Any CPU
		{FE85DB02-5024-4823-98CA-FAAEE7822700}.Release|x64.ActiveCfg = Release|Any CPU
		{FE85DB02-5024-4823-98CA-FAAEE7822700}.Release|x64.Build.0 = Release|Any CPU
		{FE85DB02-5024-4823-98CA-FAAEE7822700}.Release|x86.ActiveCfg = Release|Any CPU
		{FE85DB02-5024-4823-98CA-FAAEE7822700}.Release|x86.Build.0 = Release|Any CPU
		{BD951F30-9223-4503-B7E8-65AD5AD8CA94}.Ad-Hoc|Any CPU.ActiveCfg = Release|Any CPU
		{BD951F30-9223-4503-B7E8-65AD5AD8CA94}.Ad-Hoc|Any CPU.Build.0 = Release|Any CPU
		{BD951F30-9223-4503-B7E8-65AD5AD8CA94}.Ad-Hoc|ARM.ActiveCfg = Release|Any CPU
		{BD951F30-9223-4503-B7E8-65AD5AD8CA94}.Ad-Hoc|ARM.Build.0 = Release|Any CPU
		{BD951F30-9223-4503-B7E8-65AD5AD8CA94}.Ad-Hoc|iPhone.ActiveCfg = Release|Any CPU
		{BD951F30-9223-4503-B7E8-65AD5AD8CA94}.Ad-Hoc|iPhone.Build.0 = Release|Any CPU
		{BD951F30-9223-4503-B7E8-65AD5AD8CA94}.Ad-Hoc|iPhoneSimulator.ActiveCfg = Release|Any CPU
		{BD951F30-9223-4503-B7E8-65AD5AD8CA94}.Ad-Hoc|iPhoneSimulator.Build.0 = Release|Any CPU
		{BD951F30-9223-4503-B7E8-65AD5AD8CA94}.Ad-Hoc|x64.ActiveCfg = Release|Any CPU
		{BD951F30-9223-4503-B7E8-65AD5AD8CA94}.Ad-Hoc|x64.Build.0 = Release|Any CPU
		{BD951F30-9223-4503-B7E8-65AD5AD8CA94}.Ad-Hoc|x86.ActiveCfg = Release|Any CPU
		{BD951F30-9223-4503-B7E8-65AD5AD8CA94}.Ad-Hoc|x86.Build.0 = Release|Any CPU
		{BD951F30-9223-4503-B7E8-65AD5AD8CA94}.AppStore|Any CPU.ActiveCfg = Release|Any CPU
		{BD951F30-9223-4503-B7E8-65AD5AD8CA94}.AppStore|Any CPU.Build.0 = Release|Any CPU
		{BD951F30-9223-4503-B7E8-65AD5AD8CA94}.AppStore|ARM.ActiveCfg = Release|Any CPU
		{BD951F30-9223-4503-B7E8-65AD5AD8CA94}.AppStore|ARM.Build.0 = Release|Any CPU
		{BD951F30-9223-4503-B7E8-65AD5AD8CA94}.AppStore|iPhone.ActiveCfg = Release|Any CPU
		{BD951F30-9223-4503-B7E8-65AD5AD8CA94}.AppStore|iPhone.Build.0 = Release|Any CPU
		{BD951F30-9223-4503-B7E8-65AD5AD8CA94}.AppStore|iPhoneSimulator.ActiveCfg = Release|Any CPU
		{BD951F30-9223-4503-B7E8-65AD5AD8CA94}.AppStore|iPhoneSimulator.Build.0 = Release|Any CPU
		{BD951F30-9223-4503-B7E8-65AD5AD8CA94}.AppStore|x64.ActiveCfg = Release|Any CPU
		{BD951F30-9223-4503-B7E8-65AD5AD8CA94}.AppStore|x64.Build.0 = Release|Any CPU
		{BD951F30-9223-4503-B7E8-65AD5AD8CA94}.AppStore|x86.ActiveCfg = Release|Any CPU
		{BD951F30-9223-4503-B7E8-65AD5AD8CA94}.AppStore|x86.Build.0 = Release|Any CPU
		{BD951F30-9223-4503-B7E8-65AD5AD8CA94}.Debug|Any CPU.ActiveCfg = Debug|Any CPU
		{BD951F30-9223-4503-B7E8-65AD5AD8CA94}.Debug|Any CPU.Build.0 = Debug|Any CPU
		{BD951F30-9223-4503-B7E8-65AD5AD8CA94}.Debug|ARM.ActiveCfg = Debug|Any CPU
		{BD951F30-9223-4503-B7E8-65AD5AD8CA94}.Debug|ARM.Build.0 = Debug|Any CPU
		{BD951F30-9223-4503-B7E8-65AD5AD8CA94}.Debug|iPhone.ActiveCfg = Debug|Any CPU
		{BD951F30-9223-4503-B7E8-65AD5AD8CA94}.Debug|iPhone.Build.0 = Debug|Any CPU
		{BD951F30-9223-4503-B7E8-65AD5AD8CA94}.Debug|iPhoneSimulator.ActiveCfg = Debug|Any CPU
		{BD951F30-9223-4503-B7E8-65AD5AD8CA94}.Debug|iPhoneSimulator.Build.0 = Debug|Any CPU
		{BD951F30-9223-4503-B7E8-65AD5AD8CA94}.Debug|x64.ActiveCfg = Debug|Any CPU
		{BD951F30-9223-4503-B7E8-65AD5AD8CA94}.Debug|x64.Build.0 = Debug|Any CPU
		{BD951F30-9223-4503-B7E8-65AD5AD8CA94}.Debug|x86.ActiveCfg = Debug|Any CPU
		{BD951F30-9223-4503-B7E8-65AD5AD8CA94}.Debug|x86.Build.0 = Debug|Any CPU
		{BD951F30-9223-4503-B7E8-65AD5AD8CA94}.Release|Any CPU.ActiveCfg = Release|Any CPU
		{BD951F30-9223-4503-B7E8-65AD5AD8CA94}.Release|Any CPU.Build.0 = Release|Any CPU
		{BD951F30-9223-4503-B7E8-65AD5AD8CA94}.Release|ARM.ActiveCfg = Release|Any CPU
		{BD951F30-9223-4503-B7E8-65AD5AD8CA94}.Release|ARM.Build.0 = Release|Any CPU
		{BD951F30-9223-4503-B7E8-65AD5AD8CA94}.Release|iPhone.ActiveCfg = Release|Any CPU
		{BD951F30-9223-4503-B7E8-65AD5AD8CA94}.Release|iPhone.Build.0 = Release|Any CPU
		{BD951F30-9223-4503-B7E8-65AD5AD8CA94}.Release|iPhoneSimulator.ActiveCfg = Release|Any CPU
		{BD951F30-9223-4503-B7E8-65AD5AD8CA94}.Release|iPhoneSimulator.Build.0 = Release|Any CPU
		{BD951F30-9223-4503-B7E8-65AD5AD8CA94}.Release|x64.ActiveCfg = Release|Any CPU
		{BD951F30-9223-4503-B7E8-65AD5AD8CA94}.Release|x64.Build.0 = Release|Any CPU
		{BD951F30-9223-4503-B7E8-65AD5AD8CA94}.Release|x86.ActiveCfg = Release|Any CPU
		{BD951F30-9223-4503-B7E8-65AD5AD8CA94}.Release|x86.Build.0 = Release|Any CPU
	EndGlobalSection
	GlobalSection(SolutionProperties) = preSolution
		HideSolutionNode = FALSE
	EndGlobalSection
	GlobalSection(ExtensibilityGlobals) = postSolution
		SolutionGuid = {2BD1CD42-FB3A-4A59-9E82-7AD13ADEEBEA}
	EndGlobalSection
EndGlobal
